
Microsoft Visual Studio Solution File, Format Version 12.00
# Visual Studio Version 17
VisualStudioVersion = 17.9.34622.214
MinimumVisualStudioVersion = 10.0.40219.1
Project("{FAE04EC0-301F-11D3-BF4B-00C04F79EFBC}") = "Semestral", "Semestral.csproj", "{3BC08EC7-A17A-4BE4-BF24-20CDDC68D143}"
EndProject
Global
	GlobalSection(SolutionConfigurationPlatforms) = preSolution
		Debug|Any CPU = Debug|Any CPU
		Release|Any CPU = Release|Any CPU
	EndGlobalSection
	GlobalSection(ProjectConfigurationPlatforms) = postSolution
		{3BC08EC7-A17A-4BE4-BF24-20CDDC68D143}.Debug|Any CPU.ActiveCfg = Debug|Any CPU
		{3BC08EC7-A17A-4BE4-BF24-20CDDC68D143}.Debug|Any CPU.Build.0 = Debug|Any CPU
		{3BC08EC7-A17A-4BE4-BF24-20CDDC68D143}.Release|Any CPU.ActiveCfg = Release|Any CPU
		{3BC08EC7-A17A-4BE4-BF24-20CDDC68D143}.Release|Any CPU.Build.0 = Release|Any CPU
	EndGlobalSection
	GlobalSection(SolutionProperties) = preSolution
		HideSolutionNode = FALSE
	EndGlobalSection
	GlobalSection(ExtensibilityGlobals) = postSolution
		SolutionGuid = {C441EACA-7645-4B72-9BD9-1A0B0AD579B1}
	EndGlobalSection
EndGlobal
